Microsoft Visual Studio Solution File, Format Version 12.00
# Visual Studio Version 18
VisualStudioVersion = 18.5.11723.231
MinimumVisualStudioVersion = 10.0.40219.1
Project("{FAE04EC0-301F-11D3-BF4B-00C04F79EFBC}") = "Client", "Client\Client.csproj", "{2584793D-A6DE-403E-94FA-481F024F66DA}"
EndProject
Project("{FAE04EC0-301F-11D3-BF4B-00C04F79EFBC}") = "Common", "Common\Common.csproj", "{4BD8BB78-B27F-498B-8783-CD683C89BBD8}"
EndProject
Project("{FAE04EC0-301F-11D3-BF4B-00C04F79EFBC}") = "Server", "Server\Server.csproj", "{AFB247B9-8CF4-45A3-BA5B-E044BB2B6388}"
EndProject
Project("{FAE04EC0-301F-11D3-BF4B-00C04F79EFBC}") = "Tests", "Tests\Tests.csproj", "{EDDB2A1B-C84E-4DEB-B622-F85DA4E11B99}"
EndProject
Global
	GlobalSection(SolutionConfigurationPlatforms) = preSolution
		Debug|Any CPU = Debug|Any CPU
		Release|Any CPU = Release|Any CPU
	EndGlobalSection
	GlobalSection(ProjectConfigurationPlatforms) = postSolution
		{2584793D-A6DE-403E-94FA-481F024F66DA}.Debug|Any CPU.ActiveCfg = Debug|Any CPU
		{2584793D-A6DE-403E-94FA-481F024F66DA}.Debug|Any CPU.Build.0 = Debug|Any CPU
		{2584793D-A6DE-403E-94FA-481F024F66DA}.Release|Any CPU.ActiveCfg = Release|Any CPU
		{2584793D-A6DE-403E-94FA-481F024F66DA}.Release|Any CPU.Build.0 = Release|Any CPU
		{4BD8BB78-B27F-498B-8783-CD683C89BBD8}.Debug|Any CPU.ActiveCfg = Debug|Any CPU
		{4BD8BB78-B27F-498B-8783-CD683C89BBD8}.Debug|Any CPU.Build.0 = Debug|Any CPU
		{4BD8BB78-B27F-498B-8783-CD683C89BBD8}.Release|Any CPU.ActiveCfg = Release|Any CPU
		{4BD8BB78-B27F-498B-8783-CD683C89BBD8}.Release|Any CPU.Build.0 = Release|Any CPU
		{AFB247B9-8CF4-45A3-BA5B-E044BB2B6388}.Debug|Any CPU.ActiveCfg = Debug|Any CPU
		{AFB247B9-8CF4-45A3-BA5B-E044BB2B6388}.Debug|Any CPU.Build.0 = Debug|Any CPU
		{AFB247B9-8CF4-45A3-BA5B-E044BB2B6388}.Release|Any CPU.ActiveCfg = Release|Any CPU
		{AFB247B9-8CF4-45A3-BA5B-E044BB2B6388}.Release|Any CPU.Build.0 = Release|Any CPU
		{EDDB2A1B-C84E-4DEB-B622-F85DA4E11B99}.Debug|Any CPU.ActiveCfg = Debug|Any CPU
		{EDDB2A1B-C84E-4DEB-B622-F85DA4E11B99}.Debug|Any CPU.Build.0 = Debug|Any CPU
		{EDDB2A1B-C84E-4DEB-B622-F85DA4E11B99}.Release|Any CPU.ActiveCfg = Release|Any CPU
		{EDDB2A1B-C84E-4DEB-B622-F85DA4E11B99}.Release|Any CPU.Build.0 = Release|Any CPU
	EndGlobalSection
	GlobalSection(SolutionProperties) = preSolution
		HideSolutionNode = FALSE
	EndGlobalSection
	GlobalSection(ExtensibilityGlobals) = postSolution
		SolutionGuid = {265EAF3B-EBBB-481E-B851-8225D1D0A715}
	EndGlobalSection
EndGlobal
